
Microsoft Visual Studio Solution File, Format Version 12.00
# Visual Studio Version 17
VisualStudioVersion = 17.14.36518.9 d17.14
MinimumVisualStudioVersion = 10.0.40219.1
Project("{FAE04EC0-301F-11D3-BF4B-00C04F79EFBC}") = "homework", "homework\homework.csproj", "{BBEB777C-AAAE-4EB9-A045-6F0DB454F432}"
EndProject
Global
	GlobalSection(SolutionConfigurationPlatforms) = preSolution
		Debug|Any CPU = Debug|Any CPU
		Release|Any CPU = Release|Any CPU
	EndGlobalSection
	GlobalSection(ProjectConfigurationPlatforms) = postSolution
		{BBEB777C-AAAE-4EB9-A045-6F0DB454F432}.Debug|Any CPU.ActiveCfg = Debug|Any CPU
		{BBEB777C-AAAE-4EB9-A045-6F0DB454F432}.Debug|Any CPU.Build.0 = Debug|Any CPU
		{BBEB777C-AAAE-4EB9-A045-6F0DB454F432}.Release|Any CPU.ActiveCfg = Release|Any CPU
		{BBEB777C-AAAE-4EB9-A045-6F0DB454F432}.Release|Any CPU.Build.0 = Release|Any CPU
	EndGlobalSection
	GlobalSection(SolutionProperties) = preSolution
		HideSolutionNode = FALSE
	EndGlobalSection
	GlobalSection(ExtensibilityGlobals) = postSolution
		SolutionGuid = {91908D6F-E2B7-42A9-AD58-DA840DAB7CC0}
	EndGlobalSection
EndGlobal
